
Microsoft Visual Studio Solution File, Format Version 12.00
# Visual Studio Version 17
VisualStudioVersion = 17.13.35931.197 d17.13
MinimumVisualStudioVersion = 10.0.40219.1
Project("{FAE04EC0-301F-11D3-BF4B-00C04F79EFBC}") = "TrueOrFalseGame", "TrueOrFalseGame\TrueOrFalseGame.csproj", "{C19DA1CC-2617-45CA-B2A8-E01995FB5360}"
EndProject
Global
	GlobalSection(SolutionConfigurationPlatforms) = preSolution
		Debug|Any CPU = Debug|Any CPU
		Release|Any CPU = Release|Any CPU
	EndGlobalSection
	GlobalSection(ProjectConfigurationPlatforms) = postSolution
		{C19DA1CC-2617-45CA-B2A8-E01995FB5360}.Debug|Any CPU.ActiveCfg = Debug|Any CPU
		{C19DA1CC-2617-45CA-B2A8-E01995FB5360}.Debug|Any CPU.Build.0 = Debug|Any CPU
		{C19DA1CC-2617-45CA-B2A8-E01995FB5360}.Release|Any CPU.ActiveCfg = Release|Any CPU
		{C19DA1CC-2617-45CA-B2A8-E01995FB5360}.Release|Any CPU.Build.0 = Release|Any CPU
	EndGlobalSection
	GlobalSection(SolutionProperties) = preSolution
		HideSolutionNode = FALSE
	EndGlobalSection
	GlobalSection(ExtensibilityGlobals) = postSolution
		SolutionGuid = {E1436BD3-CFED-4F55-980A-176D960BE98E}
	EndGlobalSection
EndGlobal
